{
  "name": "mini-waterfall-sim",
  "version": "1.0.0",
  "lockfileVersion": 1,
  "requires": true,
  "dependencies": {
    "@types/fs-extra": {
      "version": "9.0.4",
      "resolved": "https://registry.npmjs.org/@types/fs-extra/-/fs-extra-9.0.4.tgz",
      "integrity": "sha512-50GO5ez44lxK5MDH90DYHFFfqxH7+fTqEEnvguQRzJ/tY9qFrMSHLiYHite+F3SNmf7+LHC1eMXojuD+E3Qcyg==",
      "requires": {
        "@types/node": "*"
      }
    },
    "@types/node": {
      "version": "14.14.6",
      "resolved": "https://registry.npmjs.org/@types/node/-/node-14.14.6.tgz",
      "integrity": "sha1-FG09pXs8Y2zA0XaTls4c+omRFH8="
    },
    "@types/probability-distributions": {
      "version": "0.1.0",
      "resolved": "https://registry.npmjs.org/@types/probability-distributions/-/probability-distributions-0.1.0.tgz",
      "integrity": "sha512-Eqj4HPqGew7N3JKzLORM4/r5XnJTT1oZzi2Baglz2kbANViVZmgG66On1WO0iHJqH1jeeseCoMXM8qMNzG9bBA=="
    },
    "at-least-node": {
      "version": "1.0.0",
      "resolved": "https://registry.npmjs.org/at-least-node/-/at-least-node-1.0.0.tgz",
      "integrity": "sha512-+q/t7Ekv1EDY2l6Gda6LLiX14rU9TV20Wa3ofeQmwPFZbOMo9DXrLbOjFaaclkXKWidIaopwAObQDqwWtGUjqg=="
    },
    "crypto": {
      "version": "0.0.3",
      "resolved": "https://registry.npmjs.org/crypto/-/crypto-0.0.3.tgz",
      "integrity": "sha1-RwqBuGvkxe4XrMggeh9TFa4g27A="
    },
    "csv-writer": {
      "version": "1.6.0",
      "resolved": "https://registry.npmjs.org/csv-writer/-/csv-writer-1.6.0.tgz",
      "integrity": "sha1-0M6kS2tNfTuqLsxvP3IJIzUUvPk="
    },
    "fs-extra": {
      "version": "9.0.1",
      "resolved": "https://registry.npmjs.org/fs-extra/-/fs-extra-9.0.1.tgz",
      "integrity": "sha512-h2iAoN838FqAFJY2/qVpzFXy+EBxfVE220PalAqQLDVsFOHLJrZvut5puAbCdNv6WJk+B8ihI+k0c7JK5erwqQ==",
      "requires": {
        "at-least-node": "^1.0.0",
        "graceful-fs": "^4.2.0",
        "jsonfile": "^6.0.1",
        "universalify": "^1.0.0"
      }
    },
    "graceful-fs": {
      "version": "4.2.4",
      "resolved": "https://registry.npmjs.org/graceful-fs/-/graceful-fs-4.2.4.tgz",
      "integrity": "sha512-WjKPNJF79dtJAVniUlGGWHYGz2jWxT6VhN/4m1NdkbZ2nOsEF+cI1Edgql5zCRhs/VsQYRvrXctxktVXZUkixw=="
    },
    "jsonfile": {
      "version": "6.1.0",
      "resolved": "https://registry.npmjs.org/jsonfile/-/jsonfile-6.1.0.tgz",
      "integrity": "sha512-5dgndWOriYSm5cnYaJNhalLNDKOqFwyDB/rr1E9ZsGciGvKPs8R2xYGCacuf3z6K1YKDz182fd+fY3cn3pMqXQ==",
      "requires": {
        "graceful-fs": "^4.1.6",
        "universalify": "^2.0.0"
      },
      "dependencies": {
        "universalify": {
          "version": "2.0.0",
          "resolved": "https://registry.npmjs.org/universalify/-/universalify-2.0.0.tgz",
          "integrity": "sha512-hAZsKq7Yy11Zu1DE0OzWjw7nnLZmJZYTDZZyEFHZdUhV8FkH5MCfoU1XMaxXovpyW5nq5scPqq0ZDP9Zyl04oQ=="
        }
      }
    },
    "mini-waterfall-simulation": {
      "version": "1.5.4",
      "resolved": "https://registry.npmjs.org/mini-waterfall-simulation/-/mini-waterfall-simulation-1.5.4.tgz",
      "integrity": "sha512-0gs8oPEdxzJT6EYc7BN0Si0Bs20hWD87oaDvzvifNlmrw831L9OrETD+8SfrY4OME3yfSXt0BX7mKtNidPMjeQ==",
      "requires": {
        "@types/probability-distributions": "^0.1.0",
        "probability-distributions": "^0.9.1"
      }
    },
    "probability-distributions": {
      "version": "0.9.1",
      "resolved": "https://registry.npmjs.org/probability-distributions/-/probability-distributions-0.9.1.tgz",
      "integrity": "sha1-xonI1iFzuygaCZnpgmOsx2pijlU=",
      "requires": {
        "crypto": "0.0.3"
      }
    },
    "universalify": {
      "version": "1.0.0",
      "resolved": "https://registry.npmjs.org/universalify/-/universalify-1.0.0.tgz",
      "integrity": "sha512-rb6X1W158d7pRQBg5gkR8uPaSfiids68LTJQYOtEUhoJUWBdaQHsuT/EUduxXYxcrt4r5PJ4fuHW1MHT6p0qug=="
    }
  }
}
